
Microsoft Visual Studio Solution File, Format Version 12.00
# Visual Studio Version 17
VisualStudioVersion = 17.8.34330.188
MinimumVisualStudioVersion = 10.0.40219.1
Project("{9A19103F-16F7-4668-BE54-9A1E7A4F7556}") = "BasicCrudAPI", "BasicCrudAPI.csproj", "{3110DA17-DF82-444F-A85E-A15E4389350E}"
EndProject
Global
	GlobalSection(SolutionConfigurationPlatforms) = preSolution
		Debug|Any CPU = Debug|Any CPU
		Release|Any CPU = Release|Any CPU
	EndGlobalSection
	GlobalSection(ProjectConfigurationPlatforms) = postSolution
		{3110DA17-DF82-444F-A85E-A15E4389350E}.Debug|Any CPU.ActiveCfg = Debug|Any CPU
		{3110DA17-DF82-444F-A85E-A15E4389350E}.Debug|Any CPU.Build.0 = Debug|Any CPU
		{3110DA17-DF82-444F-A85E-A15E4389350E}.Release|Any CPU.ActiveCfg = Release|Any CPU
		{3110DA17-DF82-444F-A85E-A15E4389350E}.Release|Any CPU.Build.0 = Release|Any CPU
	EndGlobalSection
	GlobalSection(SolutionProperties) = preSolution
		HideSolutionNode = FALSE
	EndGlobalSection
	GlobalSection(ExtensibilityGlobals) = postSolution
		SolutionGuid = {0D7BB32E-7DDA-4443-9D00-A1A80497D243}
	EndGlobalSection
EndGlobal
